{
	"name": "@nlp-slack/configure-process",
	"version": "0.0.0",
	"lockfileVersion": 1,
	"requires": true,
	"dependencies": {
		"config": {
			"version": "3.3.2",
			"resolved": "https://registry.npmjs.org/config/-/config-3.3.2.tgz",
			"integrity": "sha512-NlGfBn2565YA44Irn7GV5KHlIGC3KJbf0062/zW5ddP9VXIuRj0m7HVyFAWvMZvaHPEglyGfwmevGz3KosIpCg==",
			"requires": {
				"json5": "^2.1.1"
			}
		},
		"json5": {
			"version": "2.2.3",
			"resolved": "https://registry.npmjs.org/json5/-/json5-2.2.3.tgz",
			"integrity": "sha512-XmOWe7eyHYH14cLdVPoyg+GOH3rYX++KpzrylJwSW98t3Nk+U8XOl8FWKOgwtzdb8lXGf6zYwDUzeHMWfxasyg=="
		}
	}
}
